
Microsoft Visual Studio Solution File, Format Version 12.00
# Visual Studio 14
VisualStudioVersion = 14.0.25420.1
MinimumVisualStudioVersion = 10.0.40219.1
Project("{FAE04EC0-301F-11D3-BF4B-00C04F79EFBC}") = "boat", "boat\boat.csproj", "{DC0E3C4A-51C2-40F9-865B-A8504B413B92}"
	ProjectSection(ProjectDependencies) = postProject
		{316711CA-759D-4795-8645-06A2F1736A0E} = {316711CA-759D-4795-8645-06A2F1736A0E}
	EndProjectSection
EndProject
Project("{FAE04EC0-301F-11D3-BF4B-00C04F79EFBC}") = "BoatService", "BoatService\BoatService.csproj", "{316711CA-759D-4795-8645-06A2F1736A0E}"
EndProject
Global
	GlobalSection(SolutionConfigurationPlatforms) = preSolution
		Debug|Any CPU = Debug|Any CPU
		Release|Any CPU = Release|Any CPU
	EndGlobalSection
	GlobalSection(ProjectConfigurationPlatforms) = postSolution
		{DC0E3C4A-51C2-40F9-865B-A8504B413B92}.Debug|Any CPU.ActiveCfg = Debug|Any CPU
		{DC0E3C4A-51C2-40F9-865B-A8504B413B92}.Debug|Any CPU.Build.0 = Debug|Any CPU
		{DC0E3C4A-51C2-40F9-865B-A8504B413B92}.Release|Any CPU.ActiveCfg = Release|Any CPU
		{DC0E3C4A-51C2-40F9-865B-A8504B413B92}.Release|Any CPU.Build.0 = Release|Any CPU
		{316711CA-759D-4795-8645-06A2F1736A0E}.Debug|Any CPU.ActiveCfg = Debug|Any CPU
		{316711CA-759D-4795-8645-06A2F1736A0E}.Debug|Any CPU.Build.0 = Debug|Any CPU
		{316711CA-759D-4795-8645-06A2F1736A0E}.Release|Any CPU.ActiveCfg = Release|Any CPU
		{316711CA-759D-4795-8645-06A2F1736A0E}.Release|Any CPU.Build.0 = Release|Any CPU
	EndGlobalSection
	GlobalSection(SolutionProperties) = preSolution
		HideSolutionNode = FALSE
	EndGlobalSection
EndGlobal
